
Microsoft Visual Studio Solution File, Format Version 12.00
# Visual Studio Version 17
VisualStudioVersion = 17.9.34607.119
MinimumVisualStudioVersion = 10.0.40219.1
Project("{FAE04EC0-301F-11D3-BF4B-00C04F79EFBC}") = "CalculaAreaPreco", "CalculaAreaPreco\CalculaAreaPreco.csproj", "{61A38CD0-4332-4EAF-996B-7B6F1ACC7D5C}"
EndProject
Project("{2150E333-8FDC-42A3-9474-1A3956D46DE8}") = "Solution Items", "Solution Items", "{577385DB-E25B-4D7D-B914-EA16447C31E6}"
	ProjectSection(SolutionItems) = preProject
		.editorconfig = .editorconfig
	EndProjectSection
EndProject
Global
	GlobalSection(SolutionConfigurationPlatforms) = preSolution
		Debug|Any CPU = Debug|Any CPU
		Release|Any CPU = Release|Any CPU
	EndGlobalSection
	GlobalSection(ProjectConfigurationPlatforms) = postSolution
		{61A38CD0-4332-4EAF-996B-7B6F1ACC7D5C}.Debug|Any CPU.ActiveCfg = Debug|Any CPU
		{61A38CD0-4332-4EAF-996B-7B6F1ACC7D5C}.Debug|Any CPU.Build.0 = Debug|Any CPU
		{61A38CD0-4332-4EAF-996B-7B6F1ACC7D5C}.Release|Any CPU.ActiveCfg = Release|Any CPU
		{61A38CD0-4332-4EAF-996B-7B6F1ACC7D5C}.Release|Any CPU.Build.0 = Release|Any CPU
	EndGlobalSection
	GlobalSection(SolutionProperties) = preSolution
		HideSolutionNode = FALSE
	EndGlobalSection
	GlobalSection(ExtensibilityGlobals) = postSolution
		SolutionGuid = {21D61470-539F-44A4-B833-960E1F218720}
	EndGlobalSection
EndGlobal
